// !$*UTF8*$!
{
	archiveVersion = 1;
	classes = {
	};
	objectVersion = 50;
	objects = {

/* Begin PBXBuildFile section */
		F447A64024B7DD3E00DD9C96 /* AppDelegate.swift in Sources */ = {isa = PBXBuildFile; fileRef = F447A63F24B7DD3E00DD9C96 /* AppDelegate.swift */; };
		F447A64224B7DD3E00DD9C96 /* SceneDelegate.swift in Sources */ = {isa = PBXBuildFile; fileRef = F447A64124B7DD3E00DD9C96 /* SceneDelegate.swift */; };
		F447A64424B7DD3E00DD9C96 /* ViewController.swift in Sources */ = {isa = PBXBuildFile; fileRef = F447A64324B7DD3E00DD9C96 /* ViewController.swift */; };
		F447A64724B7DD3E00DD9C96 /* Main.storyboard in Resources */ = {isa = PBXBuildFile; fileRef = F447A64524B7DD3E00DD9C96 /* Main.storyboard */; };
		F447A64924B7DD4200DD9C96 /* Assets.xcassets in Resources */ = {isa = PBXBuildFile; fileRef = F447A64824B7DD4200DD9C96 /* Assets.xcassets */; };
		F447A64C24B7DD4200DD9C96 /* LaunchScreen.storyboard in Resources */ = {isa = PBXBuildFile; fileRef = F447A64A24B7DD4200DD9C96 /* LaunchScreen.storyboard */; };
		F447A65724B7DD4200DD9C96 /* ActivityLogSampleTests.swift in Sources */ = {isa = PBXBuildFile; fileRef = F447A65624B7DD4200DD9C96 /* ActivityLogSampleTests.swift */; };
		F447A66424B7DDD700DD9C96 /* ActivityDetailViewController.swift in Sources */ = {isa = PBXBuildFile; fileRef = F447A66324B7DDD700DD9C96 /* ActivityDetailViewController.swift */; };
		F47B835524B9684900510E30 /* ActivityDetailInteractor.swift in Sources */ = {isa = PBXBuildFile; fileRef = F47B835424B9684900510E30 /* ActivityDetailInteractor.swift */; };
		F47B835724B9F8B600510E30 /* ActivityDetailInteractorTests.swift in Sources */ = {isa = PBXBuildFile; fileRef = F47B835624B9F8B600510E30 /* ActivityDetailInteractorTests.swift */; };
/* End PBXBuildFile section */

/* Begin PBXContainerItemProxy section */
		F447A65324B7DD4200DD9C96 /* PBXContainerItemProxy */ = {
			isa = PBXContainerItemProxy;
			containerPortal = F447A63424B7DD3E00DD9C96 /* Project object */;
			proxyType = 1;
			remoteGlobalIDString = F447A63B24B7DD3E00DD9C96;
			remoteInfo = ActivityLogSample;
		};
/* End PBXContainerItemProxy section */

/* Begin PBXFileReference section */
		F447A63C24B7DD3E00DD9C96 /* ActivityLogSample.app */ = {isa = PBXFileReference; explicitFileType = wrapper.application; includeInIndex = 0; path = ActivityLogSample.app; sourceTree = BUILT_PRODUCTS_DIR; };
		F447A63F24B7DD3E00DD9C96 /* AppDelegate.swift */ = {isa = PBXFileReference; lastKnownFileType = sourcecode.swift; path = AppDelegate.swift; sourceTree = "<group>"; };
		F447A64124B7DD3E00DD9C96 /* SceneDelegate.swift */ = {isa = PBXFileReference; lastKnownFileType = sourcecode.swift; path = SceneDelegate.swift; sourceTree = "<group>"; };
		F447A64324B7DD3E00DD9C96 /* ViewController.swift */ = {isa = PBXFileReference; lastKnownFileType = sourcecode.swift; path = ViewController.swift; sourceTree = "<group>"; };
		F447A64624B7DD3E00DD9C96 /* Base */ = {isa = PBXFileReference; lastKnownFileType = file.storyboard; name = Base; path = Base.lproj/Main.storyboard; sourceTree = "<group>"; };
		F447A64824B7DD4200DD9C96 /* Assets.xcassets */ = {isa = PBXFileReference; lastKnownFileType = folder.assetcatalog; path = Assets.xcassets; sourceTree = "<group>"; };
		F447A64B24B7DD4200DD9C96 /* Base */ = {isa = PBXFileReference; lastKnownFileType = file.storyboard; name = Base; path = Base.lproj/LaunchScreen.storyboard; sourceTree = "<group>"; };
		F447A64D24B7DD4200DD9C96 /* Info.plist */ = {isa = PBXFileReference; lastKnownFileType = text.plist.xml; path = Info.plist; sourceTree = "<group>"; };
		F447A65224B7DD4200DD9C96 /* ActivityLogSampleTests.xctest */ = {isa = PBXFileReference; explicitFileType = wrapper.cfbundle; includeInIndex = 0; path = ActivityLogSampleTests.xctest; sourceTree = BUILT_PRODUCTS_DIR; };
		F447A65624B7DD4200DD9C96 /* ActivityLogSampleTests.swift */ = {isa = PBXFileReference; lastKnownFileType = sourcecode.swift; path = ActivityLogSampleTests.swift; sourceTree = "<group>"; };
		F447A65824B7DD4200DD9C96 /* Info.plist */ = {isa = PBXFileReference; lastKnownFileType = text.plist.xml; path = Info.plist; sourceTree = "<group>"; };
		F447A66324B7DDD700DD9C96 /* ActivityDetailViewController.swift */ = {isa = PBXFileReference; lastKnownFileType = sourcecode.swift; path = ActivityDetailViewController.swift; sourceTree = "<group>"; };
		F47B835424B9684900510E30 /* ActivityDetailInteractor.swift */ = {isa = PBXFileReference; lastKnownFileType = sourcecode.swift; path = ActivityDetailInteractor.swift; sourceTree = "<group>"; };
		F47B835624B9F8B600510E30 /* ActivityDetailInteractorTests.swift */ = {isa = PBXFileReference; lastKnownFileType = sourcecode.swift; path = ActivityDetailInteractorTests.swift; sourceTree = "<group>"; };
/* End PBXFileReference section */

/* Begin PBXFrameworksBuildPhase section */
		F447A63924B7DD3E00DD9C96 /* Frameworks */ = {
			isa = PBXFrameworksBuildPhase;
			buildActionMask = 2147483647;
			files = (
			);
			runOnlyForDeploymentPostprocessing = 0;
		};
		F447A64F24B7DD4200DD9C96 /* Frameworks */ = {
			isa = PBXFrameworksBuildPhase;
			buildActionMask = 2147483647;
			files = (
			);
			runOnlyForDeploymentPostprocessing = 0;
		};
/* End PBXFrameworksBuildPhase section */

/* Begin PBXGroup section */
		F447A63324B7DD3E00DD9C96 = {
			isa = PBXGroup;
			children = (
				F447A63E24B7DD3E00DD9C96 /* ActivityLogSample */,
				F447A65524B7DD4200DD9C96 /* ActivityLogSampleTests */,
				F447A63D24B7DD3E00DD9C96 /* Products */,
			);
			sourceTree = "<group>";
		};
		F447A63D24B7DD3E00DD9C96 /* Products */ = {
			isa = PBXGroup;
			children = (
				F447A63C24B7DD3E00DD9C96 /* ActivityLogSample.app */,
				F447A65224B7DD4200DD9C96 /* ActivityLogSampleTests.xctest */,
			);
			name = Products;
			sourceTree = "<group>";
		};
		F447A63E24B7DD3E00DD9C96 /* ActivityLogSample */ = {
			isa = PBXGroup;
			children = (
				F447A63F24B7DD3E00DD9C96 /* AppDelegate.swift */,
				F447A64124B7DD3E00DD9C96 /* SceneDelegate.swift */,
				F447A64324B7DD3E00DD9C96 /* ViewController.swift */,
				F447A66124B7DD9000DD9C96 /* Scenes */,
				F447A64524B7DD3E00DD9C96 /* Main.storyboard */,
				F447A64824B7DD4200DD9C96 /* Assets.xcassets */,
				F447A64A24B7DD4200DD9C96 /* LaunchScreen.storyboard */,
				F447A64D24B7DD4200DD9C96 /* Info.plist */,
			);
			path = ActivityLogSample;
			sourceTree = "<group>";
		};
		F447A65524B7DD4200DD9C96 /* ActivityLogSampleTests */ = {
			isa = PBXGroup;
			children = (
				F47B835624B9F8B600510E30 /* ActivityDetailInteractorTests.swift */,
				F447A65624B7DD4200DD9C96 /* ActivityLogSampleTests.swift */,
				F447A65824B7DD4200DD9C96 /* Info.plist */,
			);
			path = ActivityLogSampleTests;
			sourceTree = "<group>";
		};
		F447A66124B7DD9000DD9C96 /* Scenes */ = {
			isa = PBXGroup;
			children = (
				F447A66224B7DD9700DD9C96 /* ActivityDetail */,
			);
			path = Scenes;
			sourceTree = "<group>";
		};
		F447A66224B7DD9700DD9C96 /* ActivityDetail */ = {
			isa = PBXGroup;
			children = (
				F447A66324B7DDD700DD9C96 /* ActivityDetailViewController.swift */,
				F47B835424B9684900510E30 /* ActivityDetailInteractor.swift */,
			);
			path = ActivityDetail;
			sourceTree = "<group>";
		};
/* End PBXGroup section */

/* Begin PBXNativeTarget section */
		F447A63B24B7DD3E00DD9C96 /* ActivityLogSample */ = {
			isa = PBXNativeTarget;
			buildConfigurationList = F447A65B24B7DD4200DD9C96 /* Build configuration list for PBXNativeTarget "ActivityLogSample" */;
			buildPhases = (
				F447A63824B7DD3E00DD9C96 /* Sources */,
				F447A63924B7DD3E00DD9C96 /* Frameworks */,
				F447A63A24B7DD3E00DD9C96 /* Resources */,
			);
			buildRules = (
			);
			dependencies = (
			);
			name = ActivityLogSample;
			productName = ActivityLogSample;
			productReference = F447A63C24B7DD3E00DD9C96 /* ActivityLogSample.app */;
			productType = "com.apple.product-type.application";
		};
		F447A65124B7DD4200DD9C96 /* ActivityLogSampleTests */ = {
			isa = PBXNativeTarget;
			buildConfigurationList = F447A65E24B7DD4200DD9C96 /* Build configuration list for PBXNativeTarget "ActivityLogSampleTests" */;
			buildPhases = (
				F447A64E24B7DD4200DD9C96 /* Sources */,
				F447A64F24B7DD4200DD9C96 /* Frameworks */,
				F447A65024B7DD4200DD9C96 /* Resources */,
			);
			buildRules = (
			);
			dependencies = (
				F447A65424B7DD4200DD9C96 /* PBXTargetDependency */,
			);
			name = ActivityLogSampleTests;
			productName = ActivityLogSampleTests;
			productReference = F447A65224B7DD4200DD9C96 /* ActivityLogSampleTests.xctest */;
			productType = "com.apple.product-type.bundle.unit-test";
		};
/* End PBXNativeTarget section */

/* Begin PBXProject section */
		F447A63424B7DD3E00DD9C96 /* Project object */ = {
			isa = PBXProject;
			attributes = {
				LastSwiftUpdateCheck = 1150;
				LastUpgradeCheck = 1150;
				ORGANIZATIONNAME = "KineMaster Crop.";
				TargetAttributes = {
					F447A63B24B7DD3E00DD9C96 = {
						CreatedOnToolsVersion = 11.5;
					};
					F447A65124B7DD4200DD9C96 = {
						CreatedOnToolsVersion = 11.5;
						TestTargetID = F447A63B24B7DD3E00DD9C96;
					};
				};
			};
			buildConfigurationList = F447A63724B7DD3E00DD9C96 /* Build configuration list for PBXProject "ActivityLogSample" */;
			compatibilityVersion = "Xcode 9.3";
			developmentRegion = en;
			hasScannedForEncodings = 0;
			knownRegions = (
				en,
				Base,
			);
			mainGroup = F447A63324B7DD3E00DD9C96;
			productRefGroup = F447A63D24B7DD3E00DD9C96 /* Products */;
			projectDirPath = "";
			projectRoot = "";
			targets = (
				F447A63B24B7DD3E00DD9C96 /* ActivityLogSample */,
				F447A65124B7DD4200DD9C96 /* ActivityLogSampleTests */,
			);
		};
/* End PBXProject section */

/* Begin PBXResourcesBuildPhase section */
		F447A63A24B7DD3E00DD9C96 /* Resources */ = {
			isa = PBXResourcesBuildPhase;
			buildActionMask = 2147483647;
			files = (
				F447A64C24B7DD4200DD9C96 /* LaunchScreen.storyboard in Resources */,
				F447A64924B7DD4200DD9C96 /* Assets.xcassets in Resources */,
				F447A64724B7DD3E00DD9C96 /* Main.storyboard in Resources */,
			);
			runOnlyForDeploymentPostprocessing = 0;
		};
		F447A65024B7DD4200DD9C96 /* Resources */ = {
			isa = PBXResourcesBuildPhase;
			buildActionMask = 2147483647;
			files = (
			);
			runOnlyForDeploymentPostprocessing = 0;
		};
/* End PBXResourcesBuildPhase section */

/* Begin PBXSourcesBuildPhase section */
		F447A63824B7DD3E00DD9C96 /* Sources */ = {
			isa = PBXSourcesBuildPhase;
			buildActionMask = 2147483647;
			files = (
				F447A66424B7DDD700DD9C96 /* ActivityDetailViewController.swift in Sources */,
				F447A64424B7DD3E00DD9C96 /* ViewController.swift in Sources */,
				F447A64024B7DD3E00DD9C96 /* AppDelegate.swift in Sources */,
				F447A64224B7DD3E00DD9C96 /* SceneDelegate.swift in Sources */,
				F47B835524B9684900510E30 /* ActivityDetailInteractor.swift in Sources */,
			);
			runOnlyForDeploymentPostprocessing = 0;
		};
		F447A64E24B7DD4200DD9C96 /* Sources */ = {
			isa = PBXSourcesBuildPhase;
			buildActionMask = 2147483647;
			files = (
				F47B835724B9F8B600510E30 /* ActivityDetailInteractorTests.swift in Sources */,
				F447A65724B7DD4200DD9C96 /* ActivityLogSampleTests.swift in Sources */,
			);
			runOnlyForDeploymentPostprocessing = 0;
		};
/* End PBXSourcesBuildPhase section */

/* Begin PBXTargetDependency section */
		F447A65424B7DD4200DD9C96 /* PBXTargetDependency */ = {
			isa = PBXTargetDependency;
			target = F447A63B24B7DD3E00DD9C96 /* ActivityLogSample */;
			targetProxy = F447A65324B7DD4200DD9C96 /* PBXContainerItemProxy */;
		};
/* End PBXTargetDependency section */

/* Begin PBXVariantGroup section */
		F447A64524B7DD3E00DD9C96 /* Main.storyboard */ = {
			isa = PBXVariantGroup;
			children = (
				F447A64624B7DD3E00DD9C96 /* Base */,
			);
			name = Main.storyboard;
			sourceTree = "<group>";
		};
		F447A64A24B7DD4200DD9C96 /* LaunchScreen.storyboard */ = {
			isa = PBXVariantGroup;
			children = (
				F447A64B24B7DD4200DD9C96 /* Base */,
			);
			name = LaunchScreen.storyboard;
			sourceTree = "<group>";
		};
/* End PBXVariantGroup section */

/* Begin XCBuildConfiguration section */
		F447A65924B7DD4200DD9C96 /* Debug */ = {
			isa = XCBuildConfiguration;
			buildSettings = {
				ALWAYS_SEARCH_USER_PATHS = NO;
				CLANG_ANALYZER_NONNULL = YES;
				CLANG_ANALYZER_NUMBER_OBJECT_CONVERSION = YES_AGGRESSIVE;
				CLANG_CXX_LANGUAGE_STANDARD = "gnu++14";
				CLANG_CXX_LIBRARY = "libc++";
				CLANG_ENABLE_MODULES = YES;
				CLANG_ENABLE_OBJC_ARC = YES;
				CLANG_ENABLE_OBJC_WEAK = YES;
				CLANG_WARN_BLOCK_CAPTURE_AUTORELEASING = YES;
				CLANG_WARN_BOOL_CONVERSION = YES;
				CLANG_WARN_COMMA = YES;
				CLANG_WARN_CONSTANT_CONVERSION = YES;
				CLANG_WARN_DEPRECATED_OBJC_IMPLEMENTATIONS = YES;
				CLANG_WARN_DIRECT_OBJC_ISA_USAGE = YES_ERROR;
				CLANG_WARN_DOCUMENTATION_COMMENTS = YES;
				CLANG_WARN_EMPTY_BODY = YES;
				CLANG_WARN_ENUM_CONVERSION = YES;
				CLANG_WARN_INFINITE_RECURSION = YES;
				CLANG_WARN_INT_CONVERSION = YES;
				CLANG_WARN_NON_LITERAL_NULL_CONVERSION = YES;
				CLANG_WARN_OBJC_IMPLICIT_RETAIN_SELF = YES;
				CLANG_WARN_OBJC_LITERAL_CONVERSION = YES;
				CLANG_WARN_OBJC_ROOT_CLASS = YES_ERROR;
				CLANG_WARN_RANGE_LOOP_ANALYSIS = YES;
				CLANG_WARN_STRICT_PROTOTYPES = YES;
				CLANG_WARN_SUSPICIOUS_MOVE = YES;
				CLANG_WARN_UNGUARDED_AVAILABILITY = YES_AGGRESSIVE;
				CLANG_WARN_UNREACHABLE_CODE = YES;
				CLANG_WARN__DUPLICATE_METHOD_MATCH = YES;
				COPY_PHASE_STRIP = NO;
				DEBUG_INFORMATION_FORMAT = dwarf;
				ENABLE_STRICT_OBJC_MSGSEND = YES;
				ENABLE_TESTABILITY = YES;
				GCC_C_LANGUAGE_STANDARD = gnu11;
				GCC_DYNAMIC_NO_PIC = NO;
				GCC_NO_COMMON_BLOCKS = YES;
				GCC_OPTIMIZATION_LEVEL = 0;
				GCC_PREPROCESSOR_DEFINITIONS = (
					"DEBUG=1",
					"$(inherited)",
				);
				GCC_WARN_64_TO_32_BIT_CONVERSION = YES;
				GCC_WARN_ABOUT_RETURN_TYPE = YES_ERROR;
				GCC_WARN_UNDECLARED_SELECTOR = YES;
				GCC_WARN_UNINITIALIZED_AUTOS = YES_AGGRESSIVE;
				GCC_WARN_UNUSED_FUNCTION = YES;
				GCC_WARN_UNUSED_VARIABLE = YES;
				IPHONEOS_DEPLOYMENT_TARGET = 13.5;
				MTL_ENABLE_DEBUG_INFO = INCLUDE_SOURCE;
				MTL_FAST_MATH = YES;
				ONLY_ACTIVE_ARCH = YES;
				SDKROOT = iphoneos;
				SWIFT_ACTIVE_COMPILATION_CONDITIONS = DEBUG;
				SWIFT_OPTIMIZATION_LEVEL = "-Onone";
			};
			name = Debug;
		};
		F447A65A24B7DD4200DD9C96 /* Release */ = {
			isa = XCBuildConfiguration;
			buildSettings = {
				ALWAYS_SEARCH_USER_PATHS = NO;
				CLANG_ANALYZER_NONNULL = YES;
				CLANG_ANALYZER_NUMBER_OBJECT_CONVERSION = YES_AGGRESSIVE;
				CLANG_CXX_LANGUAGE_STANDARD = "gnu++14";
				CLANG_CXX_LIBRARY = "libc++";
				CLANG_ENABLE_MODULES = YES;
				CLANG_ENABLE_OBJC_ARC = YES;
				CLANG_ENABLE_OBJC_WEAK = YES;
				CLANG_WARN_BLOCK_CAPTURE_AUTORELEASING = YES;
				CLANG_WARN_BOOL_CONVERSION = YES;
				CLANG_WARN_COMMA = YES;
				CLANG_WARN_CONSTANT_CONVERSION = YES;
				CLANG_WARN_DEPRECATED_OBJC_IMPLEMENTATIONS = YES;
				CLANG_WARN_DIRECT_OBJC_ISA_USAGE = YES_ERROR;
				CLANG_WARN_DOCUMENTATION_COMMENTS = YES;
				CLANG_WARN_EMPTY_BODY = YES;
				CLANG_WARN_ENUM_CONVERSION = YES;
				CLANG_WARN_INFINITE_RECURSION = YES;
				CLANG_WARN_INT_CONVERSION = YES;
				CLANG_WARN_NON_LITERAL_NULL_CONVERSION = YES;
				CLANG_WARN_OBJC_IMPLICIT_RETAIN_SELF = YES;
				CLANG_WARN_OBJC_LITERAL_CONVERSION = YES;
				CLANG_WARN_OBJC_ROOT_CLASS = YES_ERROR;
				CLANG_WARN_RANGE_LOOP_ANALYSIS = YES;
				CLANG_WARN_STRICT_PROTOTYPES = YES;
				CLANG_WARN_SUSPICIOUS_MOVE = YES;
				CLANG_WARN_UNGUARDED_AVAILABILITY = YES_AGGRESSIVE;
				CLANG_WARN_UNREACHABLE_CODE = YES;
				CLANG_WARN__DUPLICATE_METHOD_MATCH = YES;
				COPY_PHASE_STRIP = NO;
				DEBUG_INFORMATION_FORMAT = "dwarf-with-dsym";
				ENABLE_NS_ASSERTIONS = NO;
				ENABLE_STRICT_OBJC_MSGSEND = YES;
				GCC_C_LANGUAGE_STANDARD = gnu11;
				GCC_NO_COMMON_BLOCKS = YES;
				GCC_WARN_64_TO_32_BIT_CONVERSION = YES;
				GCC_WARN_ABOUT_RETURN_TYPE = YES_ERROR;
				GCC_WARN_UNDECLARED_SELECTOR = YES;
				GCC_WARN_UNINITIALIZED_AUTOS = YES_AGGRESSIVE;
				GCC_WARN_UNUSED_FUNCTION = YES;
				GCC_WARN_UNUSED_VARIABLE = YES;
				IPHONEOS_DEPLOYMENT_TARGET = 13.5;
				MTL_ENABLE_DEBUG_INFO = NO;
				MTL_FAST_MATH = YES;
				SDKROOT = iphoneos;
				SWIFT_COMPILATION_MODE = wholemodule;
				SWIFT_OPTIMIZATION_LEVEL = "-O";
				VALIDATE_PRODUCT = YES;
			};
			name = Release;
		};
		F447A65C24B7DD4200DD9C96 /* Debug */ = {
			isa = XCBuildConfiguration;
			buildSettings = {
				ASSETCATALOG_COMPILER_APPICON_NAME = AppIcon;
				CODE_SIGN_STYLE = Automatic;
				DEVELOPMENT_TEAM = Y59HNQR68T;
				INFOPLIST_FILE = ActivityLogSample/Info.plist;
				LD_RUNPATH_SEARCH_PATHS = (
					"$(inherited)",
					"@executable_path/Frameworks",
				);
				PRODUCT_BUNDLE_IDENTIFIER = com.kinemaster.dev.sample.ActivityLogSample;
				PRODUCT_NAME = "$(TARGET_NAME)";
				SWIFT_VERSION = 5.0;
				TARGETED_DEVICE_FAMILY = "1,2";
			};
			name = Debug;
		};
		F447A65D24B7DD4200DD9C96 /* Release */ = {
			isa = XCBuildConfiguration;
			buildSettings = {
				ASSETCATALOG_COMPILER_APPICON_NAME = AppIcon;
				CODE_SIGN_STYLE = Automatic;
				DEVELOPMENT_TEAM = Y59HNQR68T;
				INFOPLIST_FILE = ActivityLogSample/Info.plist;
				LD_RUNPATH_SEARCH_PATHS = (
					"$(inherited)",
					"@executable_path/Frameworks",
				);
				PRODUCT_BUNDLE_IDENTIFIER = com.kinemaster.dev.sample.ActivityLogSample;
				PRODUCT_NAME = "$(TARGET_NAME)";
				SWIFT_VERSION = 5.0;
				TARGETED_DEVICE_FAMILY = "1,2";
			};
			name = Release;
		};
		F447A65F24B7DD4200DD9C96 /* Debug */ = {
			isa = XCBuildConfiguration;
			buildSettings = {
				ALWAYS_EMBED_SWIFT_STANDARD_LIBRARIES = YES;
				BUNDLE_LOADER = "$(TEST_HOST)";
				CODE_SIGN_STYLE = Automatic;
				DEVELOPMENT_TEAM = Y59HNQR68T;
				INFOPLIST_FILE = ActivityLogSampleTests/Info.plist;
				IPHONEOS_DEPLOYMENT_TARGET = 13.5;
				LD_RUNPATH_SEARCH_PATHS = (
					"$(inherited)",
					"@executable_path/Frameworks",
					"@loader_path/Frameworks",
				);
				PRODUCT_BUNDLE_IDENTIFIER = com.kinemaster.dev.sample.ActivityLogSampleTests;
				PRODUCT_NAME = "$(TARGET_NAME)";
				SWIFT_VERSION = 5.0;
				TARGETED_DEVICE_FAMILY = "1,2";
				TEST_HOST = "$(BUILT_PRODUCTS_DIR)/ActivityLogSample.app/ActivityLogSample";
			};
			name = Debug;
		};
		F447A66024B7DD4200DD9C96 /* Release */ = {
			isa = XCBuildConfiguration;
			buildSettings = {
				ALWAYS_EMBED_SWIFT_STANDARD_LIBRARIES = YES;
				BUNDLE_LOADER = "$(TEST_HOST)";
				CODE_SIGN_STYLE = Automatic;
				DEVELOPMENT_TEAM = Y59HNQR68T;
				INFOPLIST_FILE = ActivityLogSampleTests/Info.plist;
				IPHONEOS_DEPLOYMENT_TARGET = 13.5;
				LD_RUNPATH_SEARCH_PATHS = (
					"$(inherited)",
					"@executable_path/Frameworks",
					"@loader_path/Frameworks",
				);
				PRODUCT_BUNDLE_IDENTIFIER = com.kinemaster.dev.sample.ActivityLogSampleTests;
				PRODUCT_NAME = "$(TARGET_NAME)";
				SWIFT_VERSION = 5.0;
				TARGETED_DEVICE_FAMILY = "1,2";
				TEST_HOST = "$(BUILT_PRODUCTS_DIR)/ActivityLogSample.app/ActivityLogSample";
			};
			name = Release;
		};
/* End XCBuildConfiguration section */

/* Begin XCConfigurationList section */
		F447A63724B7DD3E00DD9C96 /* Build configuration list for PBXProject "ActivityLogSample" */ = {
			isa = XCConfigurationList;
			buildConfigurations = (
				F447A65924B7DD4200DD9C96 /* Debug */,
				F447A65A24B7DD4200DD9C96 /* Release */,
			);
			defaultConfigurationIsVisible = 0;
			defaultConfigurationName = Release;
		};
		F447A65B24B7DD4200DD9C96 /* Build configuration list for PBXNativeTarget "ActivityLogSample" */ = {
			isa = XCConfigurationList;
			buildConfigurations = (
				F447A65C24B7DD4200DD9C96 /* Debug */,
				F447A65D24B7DD4200DD9C96 /* Release */,
			);
			defaultConfigurationIsVisible = 0;
			defaultConfigurationName = Release;
		};
		F447A65E24B7DD4200DD9C96 /* Build configuration list for PBXNativeTarget "ActivityLogSampleTests" */ = {
			isa = XCConfigurationList;
			buildConfigurations = (
				F447A65F24B7DD4200DD9C96 /* Debug */,
				F447A66024B7DD4200DD9C96 /* Release */,
			);
			defaultConfigurationIsVisible = 0;
			defaultConfigurationName = Release;
		};
/* End XCConfigurationList section */
	};
	rootObject = F447A63424B7DD3E00DD9C96 /* Project object */;
}
